{
  "name": "weakerset",
  "version": "0.0.0",
  "lockfileVersion": 2,
  "requires": true,
  "packages": {
    "": {
      "name": "weakerset",
      "version": "0.0.0",
      "license": "Apache 2.0",
      "dependencies": {
        "weakermap": "^0.0.0"
      }
    },
    "node_modules/weakermap": {
      "version": "0.0.0",
      "resolved": "https://registry.npmjs.org/weakermap/-/weakermap-0.0.0.tgz",
      "integrity": "sha512-RgT65LYwkKP3egB4agWi5sNE2fXTtd3CwbnL/ws6Q3hF9MsQytTCDszv9lKi+aqKocuewLFkcBdjaIHV0aaW3g=="
    }
  },
  "dependencies": {
    "weakermap": {
      "version": "0.0.0",
      "resolved": "https://registry.npmjs.org/weakermap/-/weakermap-0.0.0.tgz",
      "integrity": "sha512-RgT65LYwkKP3egB4agWi5sNE2fXTtd3CwbnL/ws6Q3hF9MsQytTCDszv9lKi+aqKocuewLFkcBdjaIHV0aaW3g=="
    }
  }
}
