{
	"name": "weakerset",
	"version": "0.0.13",
	"lockfileVersion": 3,
	"requires": true,
	"packages": {
		"": {
			"name": "weakerset",
			"version": "0.0.13",
			"license": "Apache 2.0",
			"dependencies": {
				"weakermap": "0.0.13"
			}
		},
		"node_modules/weakermap": {
			"version": "0.0.13",
			"resolved": "https://registry.npmjs.org/weakermap/-/weakermap-0.0.13.tgz",
			"integrity": "sha512-YwoevYHgkZItuLwg84O0y+8JqXTxvyV+Gnhz3/hlMFeo7vI21g2Ot/PsSIvf9hlSUlvZyiBgTj22chDH8iWZLg==",
			"license": "Apache 2.0"
		}
	}
}
