{
	"name": "weakerset",
	"version": "0.0.4",
	"lockfileVersion": 2,
	"requires": true,
	"packages": {
		"": {
			"name": "weakerset",
			"version": "0.0.4",
			"license": "Apache 2.0",
			"dependencies": {
				"weakermap": "^0.0.4"
			}
		},
		"../weakermap": {
			"version": "0.0.4",
			"license": "Apache 2.0"
		},
		"node_modules/weakermap": {
			"resolved": "../weakermap",
			"link": true
		}
	},
	"dependencies": {
		"weakermap": {
			"version": "file:../weakermap"
		}
	}
}
