{
	"name": "weaker",
	"version": "0.0.10",
	"lockfileVersion": 3,
	"requires": true,
	"packages": {
		"": {
			"name": "weaker",
			"version": "0.0.10",
			"license": "Apache 2.0",
			"dependencies": {
				"weakermap": "0.0.10",
				"weakerset": "0.0.10"
			}
		},
		"node_modules/weakermap": {
			"version": "0.0.10",
			"resolved": "https://registry.npmjs.org/weakermap/-/weakermap-0.0.10.tgz",
			"integrity": "sha512-3mgs6pfIqD28/9bAkuzE1P55ZYF0SuUabVOMEXoUJ4ocPxlWrr0Qk4ZjdqofllvBlJG7HO0oCo8r72oyocaSBg=="
		},
		"node_modules/weakerset": {
			"version": "0.0.10",
			"resolved": "https://registry.npmjs.org/weakerset/-/weakerset-0.0.10.tgz",
			"integrity": "sha512-CnF38VEI3Ds/75JwNLeefYHknW3xuiaIzn71lgo2Bzy6wTDBjrpPK+yqgWusASuZP3J8b2Pj5uxNXWo4SePXxQ==",
			"dependencies": {
				"weakermap": "0.0.10"
			}
		}
	}
}
