{
  "name": "weaker",
  "version": "0.0.1",
  "lockfileVersion": 2,
  "requires": true,
  "packages": {
    "": {
      "name": "weaker",
      "version": "0.0.1",
      "license": "Apache 2.0",
      "dependencies": {
        "weakermap": "^0.0.1",
        "weakerset": "^0.0.1"
      }
    },
    "node_modules/weakermap": {
      "version": "0.0.1",
      "resolved": "https://registry.npmjs.org/weakermap/-/weakermap-0.0.1.tgz",
      "integrity": "sha512-bbMjQ/KW+0XBjLt8avizrB/nkqCK9XIsQCgsZ814ScmizNmoRuag5Q5u6vkIlPqYXs1WhEby2qcPISliTZOdFA=="
    },
    "node_modules/weakerset": {
      "version": "0.0.1",
      "resolved": "https://registry.npmjs.org/weakerset/-/weakerset-0.0.1.tgz",
      "integrity": "sha512-jTcvoua8ilCT8YmacF0oisuNWufZgJ+Ct3PKWhEB+7v2qrnVAoAWKB0TgOqHb3lkVQeT/gKjExyrBRggY7uE6g==",
      "dependencies": {
        "weakermap": "^0.0.0"
      }
    },
    "node_modules/weakerset/node_modules/weakermap": {
      "version": "0.0.0",
      "resolved": "https://registry.npmjs.org/weakermap/-/weakermap-0.0.0.tgz",
      "integrity": "sha512-RgT65LYwkKP3egB4agWi5sNE2fXTtd3CwbnL/ws6Q3hF9MsQytTCDszv9lKi+aqKocuewLFkcBdjaIHV0aaW3g=="
    }
  },
  "dependencies": {
    "weakermap": {
      "version": "0.0.1",
      "resolved": "https://registry.npmjs.org/weakermap/-/weakermap-0.0.1.tgz",
      "integrity": "sha512-bbMjQ/KW+0XBjLt8avizrB/nkqCK9XIsQCgsZ814ScmizNmoRuag5Q5u6vkIlPqYXs1WhEby2qcPISliTZOdFA=="
    },
    "weakerset": {
      "version": "0.0.1",
      "resolved": "https://registry.npmjs.org/weakerset/-/weakerset-0.0.1.tgz",
      "integrity": "sha512-jTcvoua8ilCT8YmacF0oisuNWufZgJ+Ct3PKWhEB+7v2qrnVAoAWKB0TgOqHb3lkVQeT/gKjExyrBRggY7uE6g==",
      "requires": {
        "weakermap": "^0.0.0"
      },
      "dependencies": {
        "weakermap": {
          "version": "0.0.0",
          "resolved": "https://registry.npmjs.org/weakermap/-/weakermap-0.0.0.tgz",
          "integrity": "sha512-RgT65LYwkKP3egB4agWi5sNE2fXTtd3CwbnL/ws6Q3hF9MsQytTCDszv9lKi+aqKocuewLFkcBdjaIHV0aaW3g=="
        }
      }
    }
  }
}
