{
	"name": "weaker",
	"version": "0.0.8",
	"lockfileVersion": 3,
	"requires": true,
	"packages": {
		"": {
			"name": "weaker",
			"version": "0.0.8",
			"license": "Apache 2.0",
			"dependencies": {
				"weakermap": "0.0.8",
				"weakerset": "0.0.8"
			}
		},
		"node_modules/weakermap": {
			"version": "0.0.8",
			"resolved": "https://registry.npmjs.org/weakermap/-/weakermap-0.0.8.tgz",
			"integrity": "sha512-VYQywcTsuWzgIbZTi9nHrNcj9pmiZxrIRjUCEol4cTxoBhDkksWpDz8+sgfqTCyxHY20yggjpl1R9jlZG4Ag5Q=="
		},
		"node_modules/weakerset": {
			"version": "0.0.8",
			"resolved": "https://registry.npmjs.org/weakerset/-/weakerset-0.0.8.tgz",
			"integrity": "sha512-caDYGercwUM0J1UivahjctNeIcgrkmAR9uiQyTFDj3IyXN+XYWChjTqQx9YDHA0T1miQY0LzCOvhEHWRinvBqg==",
			"dependencies": {
				"weakermap": "0.0.8"
			}
		}
	}
}
